// !$*UTF8*$!
{
	archiveVersion = 1;
	classes = {
	};
	objectVersion = 46;
	objects = {

/* Begin PBXBuildFile section */
		F95A9278193C69CE00B021E3 /* Foundation.framework in Frameworks */ = {isa = PBXBuildFile; fileRef = F95A9277193C69CE00B021E3 /* Foundation.framework */; };
		F95A927A193C69CE00B021E3 /* CoreGraphics.framework in Frameworks */ = {isa = PBXBuildFile; fileRef = F95A9279193C69CE00B021E3 /* CoreGraphics.framework */; };
		F95A927C193C69CE00B021E3 /* UIKit.framework in Frameworks */ = {isa = PBXBuildFile; fileRef = F95A927B193C69CE00B021E3 /* UIKit.framework */; };
		F95A9282193C69CE00B021E3 /* InfoPlist.strings in Resources */ = {isa = PBXBuildFile; fileRef = F95A9280193C69CE00B021E3 /* InfoPlist.strings */; };
		F95A9284193C69CE00B021E3 /* main.m in Sources */ = {isa = PBXBuildFile; fileRef = F95A9283193C69CE00B021E3 /* main.m */; };
		F95A9288193C69CE00B021E3 /* AppDelegate.m in Sources */ = {isa = PBXBuildFile; fileRef = F95A9287193C69CE00B021E3 /* AppDelegate.m */; };
		F95A928B193C69CE00B021E3 /* Main.storyboard in Resources */ = {isa = PBXBuildFile; fileRef = F95A9289193C69CE00B021E3 /* Main.storyboard */; };
		F95A928E193C69CE00B021E3 /* ViewController.m in Sources */ = {isa = PBXBuildFile; fileRef = F95A928D193C69CE00B021E3 /* ViewController.m */; };
		F95A9290193C69CE00B021E3 /* Images.xcassets in Resources */ = {isa = PBXBuildFile; fileRef = F95A928F193C69CE00B021E3 /* Images.xcassets */; };
		F95A9297193C69CE00B021E3 /* XCTest.framework in Frameworks */ = {isa = PBXBuildFile; fileRef = F95A9296193C69CE00B021E3 /* XCTest.framework */; };
		F95A9298193C69CE00B021E3 /* Foundation.framework in Frameworks */ = {isa = PBXBuildFile; fileRef = F95A9277193C69CE00B021E3 /* Foundation.framework */; };
		F95A9299193C69CE00B021E3 /* UIKit.framework in Frameworks */ = {isa = PBXBuildFile; fileRef = F95A927B193C69CE00B021E3 /* UIKit.framework */; };
		F95A92A1193C69CE00B021E3 /* InfoPlist.strings in Resources */ = {isa = PBXBuildFile; fileRef = F95A929F193C69CE00B021E3 /* InfoPlist.strings */; };
		F95A92A3193C69CE00B021E3 /* KVOTests.m in Sources */ = {isa = PBXBuildFile; fileRef = F95A92A2193C69CE00B021E3 /* KVOTests.m */; };
		F95A92B1193C705000B021E3 /* UserObject.m in Sources */ = {isa = PBXBuildFile; fileRef = F95A92B0193C705000B021E3 /* UserObject.m */; };
/* End PBXBuildFile section */

/* Begin PBXContainerItemProxy section */
		F95A929A193C69CE00B021E3 /* PBXContainerItemProxy */ = {
			isa = PBXContainerItemProxy;
			containerPortal = F95A926C193C69CE00B021E3 /* Project object */;
			proxyType = 1;
			remoteGlobalIDString = F95A9273193C69CE00B021E3;
			remoteInfo = KVO;
		};
/* End PBXContainerItemProxy section */

/* Begin PBXFileReference section */
		F95A9274193C69CE00B021E3 /* KVO.app */ = {isa = PBXFileReference; explicitFileType = wrapper.application; includeInIndex = 0; path = KVO.app; sourceTree = BUILT_PRODUCTS_DIR; };
		F95A9277193C69CE00B021E3 /* Foundation.framework */ = {isa = PBXFileReference; lastKnownFileType = wrapper.framework; name = Foundation.framework; path = System/Library/Frameworks/Foundation.framework; sourceTree = SDKROOT; };
		F95A9279193C69CE00B021E3 /* CoreGraphics.framework */ = {isa = PBXFileReference; lastKnownFileType = wrapper.framework; name = CoreGraphics.framework; path = System/Library/Frameworks/CoreGraphics.framework; sourceTree = SDKROOT; };
		F95A927B193C69CE00B021E3 /* UIKit.framework */ = {isa = PBXFileReference; lastKnownFileType = wrapper.framework; name = UIKit.framework; path = System/Library/Frameworks/UIKit.framework; sourceTree = SDKROOT; };
		F95A927F193C69CE00B021E3 /* KVO-Info.plist */ = {isa = PBXFileReference; lastKnownFileType = text.plist.xml; path = "KVO-Info.plist"; sourceTree = "<group>"; };
		F95A9281193C69CE00B021E3 /* en */ = {isa = PBXFileReference; lastKnownFileType = text.plist.strings; name = en; path = en.lproj/InfoPlist.strings; sourceTree = "<group>"; };
		F95A9283193C69CE00B021E3 /* main.m */ = {isa = PBXFileReference; lastKnownFileType = sourcecode.c.objc; path = main.m; sourceTree = "<group>"; };
		F95A9285193C69CE00B021E3 /* KVO-Prefix.pch */ = {isa = PBXFileReference; lastKnownFileType = sourcecode.c.h; path = "KVO-Prefix.pch"; sourceTree = "<group>"; };
		F95A9286193C69CE00B021E3 /* AppDelegate.h */ = {isa = PBXFileReference; lastKnownFileType = sourcecode.c.h; path = AppDelegate.h; sourceTree = "<group>"; };
		F95A9287193C69CE00B021E3 /* AppDelegate.m */ = {isa = PBXFileReference; lastKnownFileType = sourcecode.c.objc; path = AppDelegate.m; sourceTree = "<group>"; };
		F95A928A193C69CE00B021E3 /* Base */ = {isa = PBXFileReference; lastKnownFileType = file.storyboard; name = Base; path = Base.lproj/Main.storyboard; sourceTree = "<group>"; };
		F95A928C193C69CE00B021E3 /* ViewController.h */ = {isa = PBXFileReference; lastKnownFileType = sourcecode.c.h; path = ViewController.h; sourceTree = "<group>"; };
		F95A928D193C69CE00B021E3 /* ViewController.m */ = {isa = PBXFileReference; lastKnownFileType = sourcecode.c.objc; path = ViewController.m; sourceTree = "<group>"; };
		F95A928F193C69CE00B021E3 /* Images.xcassets */ = {isa = PBXFileReference; lastKnownFileType = folder.assetcatalog; path = Images.xcassets; sourceTree = "<group>"; };
		F95A9295193C69CE00B021E3 /* KVOTests.xctest */ = {isa = PBXFileReference; explicitFileType = wrapper.cfbundle; includeInIndex = 0; path = KVOTests.xctest; sourceTree = BUILT_PRODUCTS_DIR; };
		F95A9296193C69CE00B021E3 /* XCTest.framework */ = {isa = PBXFileReference; lastKnownFileType = wrapper.framework; name = XCTest.framework; path = Library/Frameworks/XCTest.framework; sourceTree = DEVELOPER_DIR; };
		F95A929E193C69CE00B021E3 /* KVOTests-Info.plist */ = {isa = PBXFileReference; lastKnownFileType = text.plist.xml; path = "KVOTests-Info.plist"; sourceTree = "<group>"; };
		F95A92A0193C69CE00B021E3 /* en */ = {isa = PBXFileReference; lastKnownFileType = text.plist.strings; name = en; path = en.lproj/InfoPlist.strings; sourceTree = "<group>"; };
		F95A92A2193C69CE00B021E3 /* KVOTests.m */ = {isa = PBXFileReference; lastKnownFileType = sourcecode.c.objc; path = KVOTests.m; sourceTree = "<group>"; };
		F95A92AF193C705000B021E3 /* UserObject.h */ = {isa = PBXFileReference; fileEncoding = 4; lastKnownFileType = sourcecode.c.h; name = UserObject.h; path = ../UserObject.h; sourceTree = "<group>"; };
		F95A92B0193C705000B021E3 /* UserObject.m */ = {isa = PBXFileReference; fileEncoding = 4; lastKnownFileType = sourcecode.c.objc; name = UserObject.m; path = ../UserObject.m; sourceTree = "<group>"; };
/* End PBXFileReference section */

/* Begin PBXFrameworksBuildPhase section */
		F95A9271193C69CE00B021E3 /* Frameworks */ = {
			isa = PBXFrameworksBuildPhase;
			buildActionMask = 2147483647;
			files = (
				F95A927A193C69CE00B021E3 /* CoreGraphics.framework in Frameworks */,
				F95A927C193C69CE00B021E3 /* UIKit.framework in Frameworks */,
				F95A9278193C69CE00B021E3 /* Foundation.framework in Frameworks */,
			);
			runOnlyForDeploymentPostprocessing = 0;
		};
		F95A9292193C69CE00B021E3 /* Frameworks */ = {
			isa = PBXFrameworksBuildPhase;
			buildActionMask = 2147483647;
			files = (
				F95A9297193C69CE00B021E3 /* XCTest.framework in Frameworks */,
				F95A9299193C69CE00B021E3 /* UIKit.framework in Frameworks */,
				F95A9298193C69CE00B021E3 /* Foundation.framework in Frameworks */,
			);
			runOnlyForDeploymentPostprocessing = 0;
		};
/* End PBXFrameworksBuildPhase section */

/* Begin PBXGroup section */
		F95A926B193C69CE00B021E3 = {
			isa = PBXGroup;
			children = (
				F95A927D193C69CE00B021E3 /* KVO */,
				F95A929C193C69CE00B021E3 /* KVOTests */,
				F95A9276193C69CE00B021E3 /* Frameworks */,
				F95A9275193C69CE00B021E3 /* Products */,
			);
			sourceTree = "<group>";
		};
		F95A9275193C69CE00B021E3 /* Products */ = {
			isa = PBXGroup;
			children = (
				F95A9274193C69CE00B021E3 /* KVO.app */,
				F95A9295193C69CE00B021E3 /* KVOTests.xctest */,
			);
			name = Products;
			sourceTree = "<group>";
		};
		F95A9276193C69CE00B021E3 /* Frameworks */ = {
			isa = PBXGroup;
			children = (
				F95A9277193C69CE00B021E3 /* Foundation.framework */,
				F95A9279193C69CE00B021E3 /* CoreGraphics.framework */,
				F95A927B193C69CE00B021E3 /* UIKit.framework */,
				F95A9296193C69CE00B021E3 /* XCTest.framework */,
			);
			name = Frameworks;
			sourceTree = "<group>";
		};
		F95A927D193C69CE00B021E3 /* KVO */ = {
			isa = PBXGroup;
			children = (
				F95A9286193C69CE00B021E3 /* AppDelegate.h */,
				F95A9287193C69CE00B021E3 /* AppDelegate.m */,
				F95A92AF193C705000B021E3 /* UserObject.h */,
				F95A92B0193C705000B021E3 /* UserObject.m */,
				F95A9289193C69CE00B021E3 /* Main.storyboard */,
				F95A928C193C69CE00B021E3 /* ViewController.h */,
				F95A928D193C69CE00B021E3 /* ViewController.m */,
				F95A928F193C69CE00B021E3 /* Images.xcassets */,
				F95A927E193C69CE00B021E3 /* Supporting Files */,
			);
			path = KVO;
			sourceTree = "<group>";
		};
		F95A927E193C69CE00B021E3 /* Supporting Files */ = {
			isa = PBXGroup;
			children = (
				F95A927F193C69CE00B021E3 /* KVO-Info.plist */,
				F95A9280193C69CE00B021E3 /* InfoPlist.strings */,
				F95A9283193C69CE00B021E3 /* main.m */,
				F95A9285193C69CE00B021E3 /* KVO-Prefix.pch */,
			);
			name = "Supporting Files";
			sourceTree = "<group>";
		};
		F95A929C193C69CE00B021E3 /* KVOTests */ = {
			isa = PBXGroup;
			children = (
				F95A92A2193C69CE00B021E3 /* KVOTests.m */,
				F95A929D193C69CE00B021E3 /* Supporting Files */,
			);
			path = KVOTests;
			sourceTree = "<group>";
		};
		F95A929D193C69CE00B021E3 /* Supporting Files */ = {
			isa = PBXGroup;
			children = (
				F95A929E193C69CE00B021E3 /* KVOTests-Info.plist */,
				F95A929F193C69CE00B021E3 /* InfoPlist.strings */,
			);
			name = "Supporting Files";
			sourceTree = "<group>";
		};
/* End PBXGroup section */

/* Begin PBXNativeTarget section */
		F95A9273193C69CE00B021E3 /* KVO */ = {
			isa = PBXNativeTarget;
			buildConfigurationList = F95A92A6193C69CE00B021E3 /* Build configuration list for PBXNativeTarget "KVO" */;
			buildPhases = (
				F95A9270193C69CE00B021E3 /* Sources */,
				F95A9271193C69CE00B021E3 /* Frameworks */,
				F95A9272193C69CE00B021E3 /* Resources */,
			);
			buildRules = (
			);
			dependencies = (
			);
			name = KVO;
			productName = KVO;
			productReference = F95A9274193C69CE00B021E3 /* KVO.app */;
			productType = "com.apple.product-type.application";
		};
		F95A9294193C69CE00B021E3 /* KVOTests */ = {
			isa = PBXNativeTarget;
			buildConfigurationList = F95A92A9193C69CE00B021E3 /* Build configuration list for PBXNativeTarget "KVOTests" */;
			buildPhases = (
				F95A9291193C69CE00B021E3 /* Sources */,
				F95A9292193C69CE00B021E3 /* Frameworks */,
				F95A9293193C69CE00B021E3 /* Resources */,
			);
			buildRules = (
			);
			dependencies = (
				F95A929B193C69CE00B021E3 /* PBXTargetDependency */,
			);
			name = KVOTests;
			productName = KVOTests;
			productReference = F95A9295193C69CE00B021E3 /* KVOTests.xctest */;
			productType = "com.apple.product-type.bundle.unit-test";
		};
/* End PBXNativeTarget section */

/* Begin PBXProject section */
		F95A926C193C69CE00B021E3 /* Project object */ = {
			isa = PBXProject;
			attributes = {
				LastUpgradeCheck = 0510;
				ORGANIZATIONNAME = "___FULLUSERNAME___";
				TargetAttributes = {
					F95A9294193C69CE00B021E3 = {
						TestTargetID = F95A9273193C69CE00B021E3;
					};
				};
			};
			buildConfigurationList = F95A926F193C69CE00B021E3 /* Build configuration list for PBXProject "KVO" */;
			compatibilityVersion = "Xcode 3.2";
			developmentRegion = English;
			hasScannedForEncodings = 0;
			knownRegions = (
				en,
				Base,
			);
			mainGroup = F95A926B193C69CE00B021E3;
			productRefGroup = F95A9275193C69CE00B021E3 /* Products */;
			projectDirPath = "";
			projectRoot = "";
			targets = (
				F95A9273193C69CE00B021E3 /* KVO */,
				F95A9294193C69CE00B021E3 /* KVOTests */,
			);
		};
/* End PBXProject section */

/* Begin PBXResourcesBuildPhase section */
		F95A9272193C69CE00B021E3 /* Resources */ = {
			isa = PBXResourcesBuildPhase;
			buildActionMask = 2147483647;
			files = (
				F95A9290193C69CE00B021E3 /* Images.xcassets in Resources */,
				F95A9282193C69CE00B021E3 /* InfoPlist.strings in Resources */,
				F95A928B193C69CE00B021E3 /* Main.storyboard in Resources */,
			);
			runOnlyForDeploymentPostprocessing = 0;
		};
		F95A9293193C69CE00B021E3 /* Resources */ = {
			isa = PBXResourcesBuildPhase;
			buildActionMask = 2147483647;
			files = (
				F95A92A1193C69CE00B021E3 /* InfoPlist.strings in Resources */,
			);
			runOnlyForDeploymentPostprocessing = 0;
		};
/* End PBXResourcesBuildPhase section */

/* Begin PBXSourcesBuildPhase section */
		F95A9270193C69CE00B021E3 /* Sources */ = {
			isa = PBXSourcesBuildPhase;
			buildActionMask = 2147483647;
			files = (
				F95A92B1193C705000B021E3 /* UserObject.m in Sources */,
				F95A928E193C69CE00B021E3 /* ViewController.m in Sources */,
				F95A9288193C69CE00B021E3 /* AppDelegate.m in Sources */,
				F95A9284193C69CE00B021E3 /* main.m in Sources */,
			);
			runOnlyForDeploymentPostprocessing = 0;
		};
		F95A9291193C69CE00B021E3 /* Sources */ = {
			isa = PBXSourcesBuildPhase;
			buildActionMask = 2147483647;
			files = (
				F95A92A3193C69CE00B021E3 /* KVOTests.m in Sources */,
			);
			runOnlyForDeploymentPostprocessing = 0;
		};
/* End PBXSourcesBuildPhase section */

/* Begin PBXTargetDependency section */
		F95A929B193C69CE00B021E3 /* PBXTargetDependency */ = {
			isa = PBXTargetDependency;
			target = F95A9273193C69CE00B021E3 /* KVO */;
			targetProxy = F95A929A193C69CE00B021E3 /* PBXContainerItemProxy */;
		};
/* End PBXTargetDependency section */

/* Begin PBXVariantGroup section */
		F95A9280193C69CE00B021E3 /* InfoPlist.strings */ = {
			isa = PBXVariantGroup;
			children = (
				F95A9281193C69CE00B021E3 /* en */,
			);
			name = InfoPlist.strings;
			sourceTree = "<group>";
		};
		F95A9289193C69CE00B021E3 /* Main.storyboard */ = {
			isa = PBXVariantGroup;
			children = (
				F95A928A193C69CE00B021E3 /* Base */,
			);
			name = Main.storyboard;
			sourceTree = "<group>";
		};
		F95A929F193C69CE00B021E3 /* InfoPlist.strings */ = {
			isa = PBXVariantGroup;
			children = (
				F95A92A0193C69CE00B021E3 /* en */,
			);
			name = InfoPlist.strings;
			sourceTree = "<group>";
		};
/* End PBXVariantGroup section */

/* Begin XCBuildConfiguration section */
		F95A92A4193C69CE00B021E3 /* Debug */ = {
			isa = XCBuildConfiguration;
			buildSettings = {
				ALWAYS_SEARCH_USER_PATHS = NO;
				CLANG_CXX_LANGUAGE_STANDARD = "gnu++0x";
				CLANG_CXX_LIBRARY = "libc++";
				CLANG_ENABLE_MODULES = YES;
				CLANG_ENABLE_OBJC_ARC = YES;
				CLANG_WARN_BOOL_CONVERSION = YES;
				CLANG_WARN_CONSTANT_CONVERSION = YES;
				CLANG_WARN_DIRECT_OBJC_ISA_USAGE = YES_ERROR;
				CLANG_WARN_EMPTY_BODY = YES;
				CLANG_WARN_ENUM_CONVERSION = YES;
				CLANG_WARN_INT_CONVERSION = YES;
				CLANG_WARN_OBJC_ROOT_CLASS = YES_ERROR;
				CLANG_WARN__DUPLICATE_METHOD_MATCH = YES;
				"CODE_SIGN_IDENTITY[sdk=iphoneos*]" = "iPhone Developer";
				COPY_PHASE_STRIP = NO;
				GCC_C_LANGUAGE_STANDARD = gnu99;
				GCC_DYNAMIC_NO_PIC = NO;
				GCC_OPTIMIZATION_LEVEL = 0;
				GCC_PREPROCESSOR_DEFINITIONS = (
					"DEBUG=1",
					"$(inherited)",
				);
				GCC_SYMBOLS_PRIVATE_EXTERN = NO;
				GCC_WARN_64_TO_32_BIT_CONVERSION = YES;
				GCC_WARN_ABOUT_RETURN_TYPE = YES_ERROR;
				GCC_WARN_UNDECLARED_SELECTOR = YES;
				GCC_WARN_UNINITIALIZED_AUTOS = YES_AGGRESSIVE;
				GCC_WARN_UNUSED_FUNCTION = YES;
				GCC_WARN_UNUSED_VARIABLE = YES;
				IPHONEOS_DEPLOYMENT_TARGET = 7.1;
				ONLY_ACTIVE_ARCH = YES;
				SDKROOT = iphoneos;
			};
			name = Debug;
		};
		F95A92A5193C69CE00B021E3 /* Release */ = {
			isa = XCBuildConfiguration;
			buildSettings = {
				ALWAYS_SEARCH_USER_PATHS = NO;
				CLANG_CXX_LANGUAGE_STANDARD = "gnu++0x";
				CLANG_CXX_LIBRARY = "libc++";
				CLANG_ENABLE_MODULES = YES;
				CLANG_ENABLE_OBJC_ARC = YES;
				CLANG_WARN_BOOL_CONVERSION = YES;
				CLANG_WARN_CONSTANT_CONVERSION = YES;
				CLANG_WARN_DIRECT_OBJC_ISA_USAGE = YES_ERROR;
				CLANG_WARN_EMPTY_BODY = YES;
				CLANG_WARN_ENUM_CONVERSION = YES;
				CLANG_WARN_INT_CONVERSION = YES;
				CLANG_WARN_OBJC_ROOT_CLASS = YES_ERROR;
				CLANG_WARN__DUPLICATE_METHOD_MATCH = YES;
				"CODE_SIGN_IDENTITY[sdk=iphoneos*]" = "iPhone Developer";
				COPY_PHASE_STRIP = YES;
				ENABLE_NS_ASSERTIONS = NO;
				GCC_C_LANGUAGE_STANDARD = gnu99;
				GCC_WARN_64_TO_32_BIT_CONVERSION = YES;
				GCC_WARN_ABOUT_RETURN_TYPE = YES_ERROR;
				GCC_WARN_UNDECLARED_SELECTOR = YES;
				GCC_WARN_UNINITIALIZED_AUTOS = YES_AGGRESSIVE;
				GCC_WARN_UNUSED_FUNCTION = YES;
				GCC_WARN_UNUSED_VARIABLE = YES;
				IPHONEOS_DEPLOYMENT_TARGET = 7.1;
				SDKROOT = iphoneos;
				VALIDATE_PRODUCT = YES;
			};
			name = Release;
		};
		F95A92A7193C69CE00B021E3 /* Debug */ = {
			isa = XCBuildConfiguration;
			buildSettings = {
				ASSETCATALOG_COMPILER_APPICON_NAME = AppIcon;
				ASSETCATALOG_COMPILER_LAUNCHIMAGE_NAME = LaunchImage;
				GCC_PRECOMPILE_PREFIX_HEADER = YES;
				GCC_PREFIX_HEADER = "KVO/KVO-Prefix.pch";
				INFOPLIST_FILE = "KVO/KVO-Info.plist";
				PRODUCT_NAME = "$(TARGET_NAME)";
				WRAPPER_EXTENSION = app;
			};
			name = Debug;
		};
		F95A92A8193C69CE00B021E3 /* Release */ = {
			isa = XCBuildConfiguration;
			buildSettings = {
				ASSETCATALOG_COMPILER_APPICON_NAME = AppIcon;
				ASSETCATALOG_COMPILER_LAUNCHIMAGE_NAME = LaunchImage;
				GCC_PRECOMPILE_PREFIX_HEADER = YES;
				GCC_PREFIX_HEADER = "KVO/KVO-Prefix.pch";
				INFOPLIST_FILE = "KVO/KVO-Info.plist";
				PRODUCT_NAME = "$(TARGET_NAME)";
				WRAPPER_EXTENSION = app;
			};
			name = Release;
		};
		F95A92AA193C69CE00B021E3 /* Debug */ = {
			isa = XCBuildConfiguration;
			buildSettings = {
				BUNDLE_LOADER = "$(BUILT_PRODUCTS_DIR)/KVO.app/KVO";
				FRAMEWORK_SEARCH_PATHS = (
					"$(SDKROOT)/Developer/Library/Frameworks",
					"$(inherited)",
					"$(DEVELOPER_FRAMEWORKS_DIR)",
				);
				GCC_PRECOMPILE_PREFIX_HEADER = YES;
				GCC_PREFIX_HEADER = "KVO/KVO-Prefix.pch";
				GCC_PREPROCESSOR_DEFINITIONS = (
					"DEBUG=1",
					"$(inherited)",
				);
				INFOPLIST_FILE = "KVOTests/KVOTests-Info.plist";
				PRODUCT_NAME = "$(TARGET_NAME)";
				TEST_HOST = "$(BUNDLE_LOADER)";
				WRAPPER_EXTENSION = xctest;
			};
			name = Debug;
		};
		F95A92AB193C69CE00B021E3 /* Release */ = {
			isa = XCBuildConfiguration;
			buildSettings = {
				BUNDLE_LOADER = "$(BUILT_PRODUCTS_DIR)/KVO.app/KVO";
				FRAMEWORK_SEARCH_PATHS = (
					"$(SDKROOT)/Developer/Library/Frameworks",
					"$(inherited)",
					"$(DEVELOPER_FRAMEWORKS_DIR)",
				);
				GCC_PRECOMPILE_PREFIX_HEADER = YES;
				GCC_PREFIX_HEADER = "KVO/KVO-Prefix.pch";
				INFOPLIST_FILE = "KVOTests/KVOTests-Info.plist";
				PRODUCT_NAME = "$(TARGET_NAME)";
				TEST_HOST = "$(BUNDLE_LOADER)";
				WRAPPER_EXTENSION = xctest;
			};
			name = Release;
		};
/* End XCBuildConfiguration section */

/* Begin XCConfigurationList section */
		F95A926F193C69CE00B021E3 /* Build configuration list for PBXProject "KVO" */ = {
			isa = XCConfigurationList;
			buildConfigurations = (
				F95A92A4193C69CE00B021E3 /* Debug */,
				F95A92A5193C69CE00B021E3 /* Release */,
			);
			defaultConfigurationIsVisible = 0;
			defaultConfigurationName = Release;
		};
		F95A92A6193C69CE00B021E3 /* Build configuration list for PBXNativeTarget "KVO" */ = {
			isa = XCConfigurationList;
			buildConfigurations = (
				F95A92A7193C69CE00B021E3 /* Debug */,
				F95A92A8193C69CE00B021E3 /* Release */,
			);
			defaultConfigurationIsVisible = 0;
			defaultConfigurationName = Release;
		};
		F95A92A9193C69CE00B021E3 /* Build configuration list for PBXNativeTarget "KVOTests" */ = {
			isa = XCConfigurationList;
			buildConfigurations = (
				F95A92AA193C69CE00B021E3 /* Debug */,
				F95A92AB193C69CE00B021E3 /* Release */,
			);
			defaultConfigurationIsVisible = 0;
			defaultConfigurationName = Release;
		};
/* End XCConfigurationList section */
	};
	rootObject = F95A926C193C69CE00B021E3 /* Project object */;
}
